github.com/zyt153/baby-naming v1.0.0 h1:c/0AM2TWg6ux3Jkdw7j/1n8K3QYc6c1KzlsRK8VM798=
github.com/zyt153/baby-naming v1.0.0/go.mod h1:iapB3kNmC0KxcLFe+4g4hraFFGOQRp7vlTy+BUHoxxs=
github.com/zyt153/baby-naming/v2 v2.0.0 h1:3jmecDJLrUDCZJT+BeppLer+YKH1Wglc/lPC9LmIa9k=
github.com/zyt153/baby-naming/v2 v2.0.0/go.mod h1:qaQjGIvPUMBMLukmeQkWvQwe2RQHoBVru5KxQqiZSPg=
github.com/zyt153/baby-naming/v3 v3.0.0 h1:NeIj46ih3+hDZkaVRV78qvRkSNac8sPNrb59W0C2/IY=
github.com/zyt153/baby-naming/v3 v3.0.0/go.mod h1:gmFywRKqYuDuvF2vhlXan1OHUc39z4wcCgPm2ZWusDQ=
